{
  "originHash" : "6adb63d238c097decfde0fbe1bdddfe904b3cfa5c78f44db1d458d1d9a63dbf6",
  "pins" : [
    {
      "identity" : "showtime",
      "kind" : "remoteSourceControl",
      "location" : "https://github.com/Thieurom/ShowTime",
      "state" : {
        "branch" : "feature/dynamic-swizzling-control",
        "revision" : "73c5851b0a31327857db73b04bba7c35c547774f"
      }
    },
    {
      "identity" : "wormholy",
      "kind" : "remoteSourceControl",
      "location" : "https://github.com/Thieurom/Wormholy",
      "state" : {
        "branch" : "fix/concurrency-safe-shake-detection",
        "revision" : "2c20ea2f29d4a0ce96a92df89f6ad0480c9a59c6"
      }
    }
  ],
  "version" : 3
}
