{
  "originHash" : "4d60fe81fc4cdc5d979e355bf6913d7089b868b263a3a5f5b3334cde974db3e4",
  "pins" : [
    {
      "identity" : "showtime",
      "kind" : "remoteSourceControl",
      "location" : "https://github.com/Thieurom/ShowTime",
      "state" : {
        "branch" : "feature/dynamic-swizzling-control",
        "revision" : "73c5851b0a31327857db73b04bba7c35c547774f"
      }
    },
    {
      "identity" : "wormholy",
      "kind" : "remoteSourceControl",
      "location" : "https://github.com/pmusolino/Wormholy",
      "state" : {
        "revision" : "ec88235e969315ed86ec873f314188558b564b63",
        "version" : "2.1.0"
      }
    }
  ],
  "version" : 3
}
